
Microsoft Visual Studio Solution File, Format Version 11.00
# Visual Studio 2010
# SharpDevelop 4.3
Project("{FAE04EC0-301F-11D3-BF4B-00C04F79EFBC}") = "SSWamp", "SSWamp\SSWamp.csproj", "{B1F6B89F-E6C6-4C03-AA6D-0040F4000934}"
EndProject
Global
	GlobalSection(SolutionConfigurationPlatforms) = preSolution
		Debug|Any CPU = Debug|Any CPU
		Release|Any CPU = Release|Any CPU
	EndGlobalSection
	GlobalSection(ProjectConfigurationPlatforms) = postSolution
		{B1F6B89F-E6C6-4C03-AA6D-0040F4000934}.Debug|Any CPU.Build.0 = Debug|Any CPU
		{B1F6B89F-E6C6-4C03-AA6D-0040F4000934}.Debug|Any CPU.ActiveCfg = Debug|Any CPU
		{B1F6B89F-E6C6-4C03-AA6D-0040F4000934}.Release|Any CPU.Build.0 = Release|Any CPU
		{B1F6B89F-E6C6-4C03-AA6D-0040F4000934}.Release|Any CPU.ActiveCfg = Release|Any CPU
	EndGlobalSection
EndGlobal
